
Microsoft Visual Studio Solution File, Format Version 12.00
# Visual Studio Version 16
VisualStudioVersion = 16.0.31624.102
MinimumVisualStudioVersion = 10.0.40219.1
Project("{FAE04EC0-301F-11D3-BF4B-00C04F79EFBC}") = "ProyectoDemoRazorPages", "ProyectoDemoRazorPages\ProyectoDemoRazorPages.csproj", "{8C00A7FD-B5D9-43A8-9E33-90FD828FA777}"
EndProject
Global
	GlobalSection(SolutionConfigurationPlatforms) = preSolution
		Debug|Any CPU = Debug|Any CPU
		Release|Any CPU = Release|Any CPU
	EndGlobalSection
	GlobalSection(ProjectConfigurationPlatforms) = postSolution
		{8C00A7FD-B5D9-43A8-9E33-90FD828FA777}.Debug|Any CPU.ActiveCfg = Debug|Any CPU
		{8C00A7FD-B5D9-43A8-9E33-90FD828FA777}.Debug|Any CPU.Build.0 = Debug|Any CPU
		{8C00A7FD-B5D9-43A8-9E33-90FD828FA777}.Release|Any CPU.ActiveCfg = Release|Any CPU
		{8C00A7FD-B5D9-43A8-9E33-90FD828FA777}.Release|Any CPU.Build.0 = Release|Any CPU
	EndGlobalSection
	GlobalSection(SolutionProperties) = preSolution
		HideSolutionNode = FALSE
	EndGlobalSection
	GlobalSection(ExtensibilityGlobals) = postSolution
		SolutionGuid = {8F4CE109-2F00-4C3F-8AE9-63ED91A7892B}
	EndGlobalSection
EndGlobal
